// !$*UTF8*$!
{
	archiveVersion = 1;
	classes = {
	};
	objectVersion = 56;
	objects = {

/* Begin PBXBuildFile section */
		B93465CA2A28E1FA00476291 /* ScanViewController.swift in Sources */ = {isa = PBXBuildFile; fileRef = B93465C92A28E1FA00476291 /* ScanViewController.swift */; };
		B9584FB42A24CF5000F079D2 /* AppDelegate.swift in Sources */ = {isa = PBXBuildFile; fileRef = B9584FB32A24CF5000F079D2 /* AppDelegate.swift */; };
		B9584FB62A24CF5000F079D2 /* SceneDelegate.swift in Sources */ = {isa = PBXBuildFile; fileRef = B9584FB52A24CF5000F079D2 /* SceneDelegate.swift */; };
		B9584FB82A24CF5000F079D2 /* HomeViewController.swift in Sources */ = {isa = PBXBuildFile; fileRef = B9584FB72A24CF5000F079D2 /* HomeViewController.swift */; };
		B9584FBB2A24CF5000F079D2 /* Main.storyboard in Resources */ = {isa = PBXBuildFile; fileRef = B9584FB92A24CF5000F079D2 /* Main.storyboard */; };
		B9584FBE2A24CF5000F079D2 /* KuroGames.xcdatamodeld in Sources */ = {isa = PBXBuildFile; fileRef = B9584FBC2A24CF5000F079D2 /* KuroGames.xcdatamodeld */; };
		B9584FC02A24CF5100F079D2 /* Assets.xcassets in Resources */ = {isa = PBXBuildFile; fileRef = B9584FBF2A24CF5100F079D2 /* Assets.xcassets */; };
		B9584FC32A24CF5100F079D2 /* LaunchScreen.storyboard in Resources */ = {isa = PBXBuildFile; fileRef = B9584FC12A24CF5100F079D2 /* LaunchScreen.storyboard */; };
		B9584FCE2A24CF5100F079D2 /* KuroGamesTests.swift in Sources */ = {isa = PBXBuildFile; fileRef = B9584FCD2A24CF5100F079D2 /* KuroGamesTests.swift */; };
		B9584FEF2A24E55100F079D2 /* KuroGame.swift in Sources */ = {isa = PBXBuildFile; fileRef = B9584FEB2A24E55100F079D2 /* KuroGame.swift */; };
		B9584FF02A24E55100F079D2 /* CoreDataStack.swift in Sources */ = {isa = PBXBuildFile; fileRef = B9584FEC2A24E55100F079D2 /* CoreDataStack.swift */; };
		B9584FF12A24E55100F079D2 /* NSManagedObject+Extension.swift in Sources */ = {isa = PBXBuildFile; fileRef = B9584FED2A24E55100F079D2 /* NSManagedObject+Extension.swift */; };
		B9584FF22A24E55100F079D2 /* CoreDataManager.swift in Sources */ = {isa = PBXBuildFile; fileRef = B9584FEE2A24E55100F079D2 /* CoreDataManager.swift */; };
		B9584FFB2A24E75700F079D2 /* ApiErrorManager.swift in Sources */ = {isa = PBXBuildFile; fileRef = B9584FF62A24E75700F079D2 /* ApiErrorManager.swift */; };
		B9584FFC2A24E75700F079D2 /* GamePlatform.swift in Sources */ = {isa = PBXBuildFile; fileRef = B9584FF72A24E75700F079D2 /* GamePlatform.swift */; };
		B9584FFD2A24E75700F079D2 /* Game.swift in Sources */ = {isa = PBXBuildFile; fileRef = B9584FF82A24E75700F079D2 /* Game.swift */; };
		B9584FFE2A24E75700F079D2 /* GameService.swift in Sources */ = {isa = PBXBuildFile; fileRef = B9584FF92A24E75700F079D2 /* GameService.swift */; };
		B9584FFF2A24E75700F079D2 /* Items.swift in Sources */ = {isa = PBXBuildFile; fileRef = B9584FFA2A24E75700F079D2 /* Items.swift */; };
		B95850012A24E7AD00F079D2 /* SecretApiKey.swift in Sources */ = {isa = PBXBuildFile; fileRef = B95850002A24E7AD00F079D2 /* SecretApiKey.swift */; };
		B958500B2A24F06F00F079D2 /* Tool.swift in Sources */ = {isa = PBXBuildFile; fileRef = B95850092A24F06F00F079D2 /* Tool.swift */; };
		B958500C2A24F06F00F079D2 /* MyLibraryElements.swift in Sources */ = {isa = PBXBuildFile; fileRef = B958500A2A24F06F00F079D2 /* MyLibraryElements.swift */; };
		B99665C32A32157B00EAB091 /* SearchViewController.swift in Sources */ = {isa = PBXBuildFile; fileRef = B99665C22A32157B00EAB091 /* SearchViewController.swift */; };
		B99665C52A32158900EAB091 /* WishViewController.swift in Sources */ = {isa = PBXBuildFile; fileRef = B99665C42A32158900EAB091 /* WishViewController.swift */; };
		B99665C72A32159500EAB091 /* FavoriteViewController.swift in Sources */ = {isa = PBXBuildFile; fileRef = B99665C62A32159500EAB091 /* FavoriteViewController.swift */; };
		B99665CA2A32166400EAB091 /* GameCardViewController.swift in Sources */ = {isa = PBXBuildFile; fileRef = B99665C92A32166400EAB091 /* GameCardViewController.swift */; };
		B99665CC2A321D0000EAB091 /* WishlistGame.swift in Sources */ = {isa = PBXBuildFile; fileRef = B99665CB2A321D0000EAB091 /* WishlistGame.swift */; };
/* End PBXBuildFile section */

/* Begin PBXContainerItemProxy section */
		B9584FCA2A24CF5100F079D2 /* PBXContainerItemProxy */ = {
			isa = PBXContainerItemProxy;
			containerPortal = B9584FA82A24CF5000F079D2 /* Project object */;
			proxyType = 1;
			remoteGlobalIDString = B9584FAF2A24CF5000F079D2;
			remoteInfo = KuroGames;
		};
		B9584FD42A24CF5100F079D2 /* PBXContainerItemProxy */ = {
			isa = PBXContainerItemProxy;
			containerPortal = B9584FA82A24CF5000F079D2 /* Project object */;
			proxyType = 1;
			remoteGlobalIDString = B9584FAF2A24CF5000F079D2;
			remoteInfo = KuroGames;
		};
/* End PBXContainerItemProxy section */

/* Begin PBXFileReference section */
		B93465C92A28E1FA00476291 /* ScanViewController.swift */ = {isa = PBXFileReference; lastKnownFileType = sourcecode.swift; path = ScanViewController.swift; sourceTree = "<group>"; };
		B9584FB02A24CF5000F079D2 /* KuroGames.app */ = {isa = PBXFileReference; explicitFileType = wrapper.application; includeInIndex = 0; path = KuroGames.app; sourceTree = BUILT_PRODUCTS_DIR; };
		B9584FB32A24CF5000F079D2 /* AppDelegate.swift */ = {isa = PBXFileReference; lastKnownFileType = sourcecode.swift; path = AppDelegate.swift; sourceTree = "<group>"; };
		B9584FB52A24CF5000F079D2 /* SceneDelegate.swift */ = {isa = PBXFileReference; lastKnownFileType = sourcecode.swift; path = SceneDelegate.swift; sourceTree = "<group>"; };
		B9584FB72A24CF5000F079D2 /* HomeViewController.swift */ = {isa = PBXFileReference; lastKnownFileType = sourcecode.swift; path = HomeViewController.swift; sourceTree = "<group>"; };
		B9584FBA2A24CF5000F079D2 /* Base */ = {isa = PBXFileReference; lastKnownFileType = file.storyboard; name = Base; path = Base.lproj/Main.storyboard; sourceTree = "<group>"; };
		B9584FBD2A24CF5000F079D2 /* KuroGames.xcdatamodel */ = {isa = PBXFileReference; lastKnownFileType = wrapper.xcdatamodel; path = KuroGames.xcdatamodel; sourceTree = "<group>"; };
		B9584FBF2A24CF5100F079D2 /* Assets.xcassets */ = {isa = PBXFileReference; lastKnownFileType = folder.assetcatalog; path = Assets.xcassets; sourceTree = "<group>"; };
		B9584FC22A24CF5100F079D2 /* Base */ = {isa = PBXFileReference; lastKnownFileType = file.storyboard; name = Base; path = Base.lproj/LaunchScreen.storyboard; sourceTree = "<group>"; };
		B9584FC42A24CF5100F079D2 /* Info.plist */ = {isa = PBXFileReference; lastKnownFileType = text.plist.xml; path = Info.plist; sourceTree = "<group>"; };
		B9584FC92A24CF5100F079D2 /* KuroGamesTests.xctest */ = {isa = PBXFileReference; explicitFileType = wrapper.cfbundle; includeInIndex = 0; path = KuroGamesTests.xctest; sourceTree = BUILT_PRODUCTS_DIR; };
		B9584FCD2A24CF5100F079D2 /* KuroGamesTests.swift */ = {isa = PBXFileReference; lastKnownFileType = sourcecode.swift; path = KuroGamesTests.swift; sourceTree = "<group>"; };
		B9584FD32A24CF5100F079D2 /* KuroGamesUITests.xctest */ = {isa = PBXFileReference; explicitFileType = wrapper.cfbundle; includeInIndex = 0; path = KuroGamesUITests.xctest; sourceTree = BUILT_PRODUCTS_DIR; };
		B9584FEB2A24E55100F079D2 /* KuroGame.swift */ = {isa = PBXFileReference; fileEncoding = 4; lastKnownFileType = sourcecode.swift; path = KuroGame.swift; sourceTree = "<group>"; };
		B9584FEC2A24E55100F079D2 /* CoreDataStack.swift */ = {isa = PBXFileReference; fileEncoding = 4; lastKnownFileType = sourcecode.swift; path = CoreDataStack.swift; sourceTree = "<group>"; };
		B9584FED2A24E55100F079D2 /* NSManagedObject+Extension.swift */ = {isa = PBXFileReference; fileEncoding = 4; lastKnownFileType = sourcecode.swift; path = "NSManagedObject+Extension.swift"; sourceTree = "<group>"; };
		B9584FEE2A24E55100F079D2 /* CoreDataManager.swift */ = {isa = PBXFileReference; fileEncoding = 4; lastKnownFileType = sourcecode.swift; path = CoreDataManager.swift; sourceTree = "<group>"; };
		B9584FF62A24E75700F079D2 /* ApiErrorManager.swift */ = {isa = PBXFileReference; fileEncoding = 4; lastKnownFileType = sourcecode.swift; path = ApiErrorManager.swift; sourceTree = "<group>"; };
		B9584FF72A24E75700F079D2 /* GamePlatform.swift */ = {isa = PBXFileReference; fileEncoding = 4; lastKnownFileType = sourcecode.swift; path = GamePlatform.swift; sourceTree = "<group>"; };
		B9584FF82A24E75700F079D2 /* Game.swift */ = {isa = PBXFileReference; fileEncoding = 4; lastKnownFileType = sourcecode.swift; path = Game.swift; sourceTree = "<group>"; };
		B9584FF92A24E75700F079D2 /* GameService.swift */ = {isa = PBXFileReference; fileEncoding = 4; lastKnownFileType = sourcecode.swift; path = GameService.swift; sourceTree = "<group>"; };
		B9584FFA2A24E75700F079D2 /* Items.swift */ = {isa = PBXFileReference; fileEncoding = 4; lastKnownFileType = sourcecode.swift; path = Items.swift; sourceTree = "<group>"; };
		B95850002A24E7AD00F079D2 /* SecretApiKey.swift */ = {isa = PBXFileReference; lastKnownFileType = sourcecode.swift; path = SecretApiKey.swift; sourceTree = "<group>"; };
		B95850092A24F06F00F079D2 /* Tool.swift */ = {isa = PBXFileReference; fileEncoding = 4; lastKnownFileType = sourcecode.swift; path = Tool.swift; sourceTree = "<group>"; };
		B958500A2A24F06F00F079D2 /* MyLibraryElements.swift */ = {isa = PBXFileReference; fileEncoding = 4; lastKnownFileType = sourcecode.swift; path = MyLibraryElements.swift; sourceTree = "<group>"; };
		B99665C22A32157B00EAB091 /* SearchViewController.swift */ = {isa = PBXFileReference; lastKnownFileType = sourcecode.swift; path = SearchViewController.swift; sourceTree = "<group>"; };
		B99665C42A32158900EAB091 /* WishViewController.swift */ = {isa = PBXFileReference; lastKnownFileType = sourcecode.swift; path = WishViewController.swift; sourceTree = "<group>"; };
		B99665C62A32159500EAB091 /* FavoriteViewController.swift */ = {isa = PBXFileReference; lastKnownFileType = sourcecode.swift; path = FavoriteViewController.swift; sourceTree = "<group>"; };
		B99665C92A32166400EAB091 /* GameCardViewController.swift */ = {isa = PBXFileReference; lastKnownFileType = sourcecode.swift; path = GameCardViewController.swift; sourceTree = "<group>"; };
		B99665CB2A321D0000EAB091 /* WishlistGame.swift */ = {isa = PBXFileReference; lastKnownFileType = sourcecode.swift; path = WishlistGame.swift; sourceTree = "<group>"; };
/* End PBXFileReference section */

/* Begin PBXFrameworksBuildPhase section */
		B9584FAD2A24CF5000F079D2 /* Frameworks */ = {
			isa = PBXFrameworksBuildPhase;
			buildActionMask = 2147483647;
			files = (
			);
			runOnlyForDeploymentPostprocessing = 0;
		};
		B9584FC62A24CF5100F079D2 /* Frameworks */ = {
			isa = PBXFrameworksBuildPhase;
			buildActionMask = 2147483647;
			files = (
			);
			runOnlyForDeploymentPostprocessing = 0;
		};
		B9584FD02A24CF5100F079D2 /* Frameworks */ = {
			isa = PBXFrameworksBuildPhase;
			buildActionMask = 2147483647;
			files = (
			);
			runOnlyForDeploymentPostprocessing = 0;
		};
/* End PBXFrameworksBuildPhase section */

/* Begin PBXGroup section */
		B93465CB2A28E1FE00476291 /* ScanView */ = {
			isa = PBXGroup;
			children = (
				B93465C92A28E1FA00476291 /* ScanViewController.swift */,
			);
			path = ScanView;
			sourceTree = "<group>";
		};
		B9584FA72A24CF5000F079D2 = {
			isa = PBXGroup;
			children = (
				B9584FB22A24CF5000F079D2 /* KuroGames */,
				B9584FCC2A24CF5100F079D2 /* KuroGamesTests */,
				B9584FB12A24CF5000F079D2 /* Products */,
			);
			sourceTree = "<group>";
		};
		B9584FB12A24CF5000F079D2 /* Products */ = {
			isa = PBXGroup;
			children = (
				B9584FB02A24CF5000F079D2 /* KuroGames.app */,
				B9584FC92A24CF5100F079D2 /* KuroGamesTests.xctest */,
				B9584FD32A24CF5100F079D2 /* KuroGamesUITests.xctest */,
			);
			name = Products;
			sourceTree = "<group>";
		};
		B9584FB22A24CF5000F079D2 /* KuroGames */ = {
			isa = PBXGroup;
			children = (
				B9584FE92A24E46E00F079D2 /* SupportFiles */,
				B9584FE82A24E45F00F079D2 /* View */,
				B9584FE72A24E45600F079D2 /* ViewModel */,
				B9584FE62A24E44C00F079D2 /* Model */,
				B9584FC42A24CF5100F079D2 /* Info.plist */,
			);
			path = KuroGames;
			sourceTree = "<group>";
		};
		B9584FCC2A24CF5100F079D2 /* KuroGamesTests */ = {
			isa = PBXGroup;
			children = (
				B9584FCD2A24CF5100F079D2 /* KuroGamesTests.swift */,
			);
			path = KuroGamesTests;
			sourceTree = "<group>";
		};
		B9584FE62A24E44C00F079D2 /* Model */ = {
			isa = PBXGroup;
			children = (
				B958500A2A24F06F00F079D2 /* MyLibraryElements.swift */,
				B95850092A24F06F00F079D2 /* Tool.swift */,
				B9584FF32A24E72800F079D2 /* NetworkService */,
				B9584FEA2A24E51C00F079D2 /* GameCoreData */,
			);
			path = Model;
			sourceTree = "<group>";
		};
		B9584FE72A24E45600F079D2 /* ViewModel */ = {
			isa = PBXGroup;
			children = (
			);
			path = ViewModel;
			sourceTree = "<group>";
		};
		B9584FE82A24E45F00F079D2 /* View */ = {
			isa = PBXGroup;
			children = (
				B95850072A24E88100F079D2 /* Scene */,
				B9584FB92A24CF5000F079D2 /* Main.storyboard */,
			);
			path = View;
			sourceTree = "<group>";
		};
		B9584FE92A24E46E00F079D2 /* SupportFiles */ = {
			isa = PBXGroup;
			children = (
				B9584FC12A24CF5100F079D2 /* LaunchScreen.storyboard */,
				B9584FBF2A24CF5100F079D2 /* Assets.xcassets */,
				B9584FB32A24CF5000F079D2 /* AppDelegate.swift */,
				B9584FB52A24CF5000F079D2 /* SceneDelegate.swift */,
			);
			path = SupportFiles;
			sourceTree = "<group>";
		};
		B9584FEA2A24E51C00F079D2 /* GameCoreData */ = {
			isa = PBXGroup;
			children = (
				B9584FEE2A24E55100F079D2 /* CoreDataManager.swift */,
				B9584FEC2A24E55100F079D2 /* CoreDataStack.swift */,
				B9584FEB2A24E55100F079D2 /* KuroGame.swift */,
				B99665CB2A321D0000EAB091 /* WishlistGame.swift */,
				B9584FED2A24E55100F079D2 /* NSManagedObject+Extension.swift */,
				B9584FBC2A24CF5000F079D2 /* KuroGames.xcdatamodeld */,
			);
			path = GameCoreData;
			sourceTree = "<group>";
		};
		B9584FF32A24E72800F079D2 /* NetworkService */ = {
			isa = PBXGroup;
			children = (
				B95850022A24E7CC00F079D2 /* SecretApiKey */,
				B9584FF62A24E75700F079D2 /* ApiErrorManager.swift */,
				B9584FF82A24E75700F079D2 /* Game.swift */,
				B9584FF72A24E75700F079D2 /* GamePlatform.swift */,
				B9584FF92A24E75700F079D2 /* GameService.swift */,
				B9584FFA2A24E75700F079D2 /* Items.swift */,
			);
			path = NetworkService;
			sourceTree = "<group>";
		};
		B95850022A24E7CC00F079D2 /* SecretApiKey */ = {
			isa = PBXGroup;
			children = (
				B95850002A24E7AD00F079D2 /* SecretApiKey.swift */,
			);
			path = SecretApiKey;
			sourceTree = "<group>";
		};
		B95850042A24E85F00F079D2 /* HomePage */ = {
			isa = PBXGroup;
			children = (
				B9584FB72A24CF5000F079D2 /* HomeViewController.swift */,
			);
			path = HomePage;
			sourceTree = "<group>";
		};
		B95850052A24E86C00F079D2 /* WishList */ = {
			isa = PBXGroup;
			children = (
				B99665C42A32158900EAB091 /* WishViewController.swift */,
			);
			path = WishList;
			sourceTree = "<group>";
		};
		B95850062A24E87600F079D2 /* Favorite */ = {
			isa = PBXGroup;
			children = (
				B99665C62A32159500EAB091 /* FavoriteViewController.swift */,
			);
			path = Favorite;
			sourceTree = "<group>";
		};
		B95850072A24E88100F079D2 /* Scene */ = {
			isa = PBXGroup;
			children = (
				B99665C82A32164300EAB091 /* GameCard */,
				B95850042A24E85F00F079D2 /* HomePage */,
				B99665C12A32155800EAB091 /* SearchPage */,
				B93465CB2A28E1FE00476291 /* ScanView */,
				B95850052A24E86C00F079D2 /* WishList */,
				B95850062A24E87600F079D2 /* Favorite */,
			);
			path = Scene;
			sourceTree = "<group>";
		};
		B99665C12A32155800EAB091 /* SearchPage */ = {
			isa = PBXGroup;
			children = (
				B99665C22A32157B00EAB091 /* SearchViewController.swift */,
			);
			path = SearchPage;
			sourceTree = "<group>";
		};
		B99665C82A32164300EAB091 /* GameCard */ = {
			isa = PBXGroup;
			children = (
				B99665C92A32166400EAB091 /* GameCardViewController.swift */,
			);
			path = GameCard;
			sourceTree = "<group>";
		};
/* End PBXGroup section */

/* Begin PBXNativeTarget section */
		B9584FAF2A24CF5000F079D2 /* KuroGames */ = {
			isa = PBXNativeTarget;
			buildConfigurationList = B9584FDD2A24CF5100F079D2 /* Build configuration list for PBXNativeTarget "KuroGames" */;
			buildPhases = (
				B9584FAC2A24CF5000F079D2 /* Sources */,
				B9584FAD2A24CF5000F079D2 /* Frameworks */,
				B9584FAE2A24CF5000F079D2 /* Resources */,
			);
			buildRules = (
			);
			dependencies = (
			);
			name = KuroGames;
			productName = KuroGames;
			productReference = B9584FB02A24CF5000F079D2 /* KuroGames.app */;
			productType = "com.apple.product-type.application";
		};
		B9584FC82A24CF5100F079D2 /* KuroGamesTests */ = {
			isa = PBXNativeTarget;
			buildConfigurationList = B9584FE02A24CF5100F079D2 /* Build configuration list for PBXNativeTarget "KuroGamesTests" */;
			buildPhases = (
				B9584FC52A24CF5100F079D2 /* Sources */,
				B9584FC62A24CF5100F079D2 /* Frameworks */,
				B9584FC72A24CF5100F079D2 /* Resources */,
			);
			buildRules = (
			);
			dependencies = (
				B9584FCB2A24CF5100F079D2 /* PBXTargetDependency */,
			);
			name = KuroGamesTests;
			productName = KuroGamesTests;
			productReference = B9584FC92A24CF5100F079D2 /* KuroGamesTests.xctest */;
			productType = "com.apple.product-type.bundle.unit-test";
		};
		B9584FD22A24CF5100F079D2 /* KuroGamesUITests */ = {
			isa = PBXNativeTarget;
			buildConfigurationList = B9584FE32A24CF5100F079D2 /* Build configuration list for PBXNativeTarget "KuroGamesUITests" */;
			buildPhases = (
				B9584FCF2A24CF5100F079D2 /* Sources */,
				B9584FD02A24CF5100F079D2 /* Frameworks */,
				B9584FD12A24CF5100F079D2 /* Resources */,
			);
			buildRules = (
			);
			dependencies = (
				B9584FD52A24CF5100F079D2 /* PBXTargetDependency */,
			);
			name = KuroGamesUITests;
			productName = KuroGamesUITests;
			productReference = B9584FD32A24CF5100F079D2 /* KuroGamesUITests.xctest */;
			productType = "com.apple.product-type.bundle.ui-testing";
		};
/* End PBXNativeTarget section */

/* Begin PBXProject section */
		B9584FA82A24CF5000F079D2 /* Project object */ = {
			isa = PBXProject;
			attributes = {
				BuildIndependentTargetsInParallel = 1;
				LastSwiftUpdateCheck = 1430;
				LastUpgradeCheck = 1430;
				TargetAttributes = {
					B9584FAF2A24CF5000F079D2 = {
						CreatedOnToolsVersion = 14.3;
					};
					B9584FC82A24CF5100F079D2 = {
						CreatedOnToolsVersion = 14.3;
						TestTargetID = B9584FAF2A24CF5000F079D2;
					};
					B9584FD22A24CF5100F079D2 = {
						CreatedOnToolsVersion = 14.3;
						TestTargetID = B9584FAF2A24CF5000F079D2;
					};
				};
			};
			buildConfigurationList = B9584FAB2A24CF5000F079D2 /* Build configuration list for PBXProject "KuroGames" */;
			compatibilityVersion = "Xcode 14.0";
			developmentRegion = en;
			hasScannedForEncodings = 0;
			knownRegions = (
				en,
				Base,
			);
			mainGroup = B9584FA72A24CF5000F079D2;
			productRefGroup = B9584FB12A24CF5000F079D2 /* Products */;
			projectDirPath = "";
			projectRoot = "";
			targets = (
				B9584FAF2A24CF5000F079D2 /* KuroGames */,
				B9584FC82A24CF5100F079D2 /* KuroGamesTests */,
				B9584FD22A24CF5100F079D2 /* KuroGamesUITests */,
			);
		};
/* End PBXProject section */

/* Begin PBXResourcesBuildPhase section */
		B9584FAE2A24CF5000F079D2 /* Resources */ = {
			isa = PBXResourcesBuildPhase;
			buildActionMask = 2147483647;
			files = (
				B9584FC32A24CF5100F079D2 /* LaunchScreen.storyboard in Resources */,
				B9584FC02A24CF5100F079D2 /* Assets.xcassets in Resources */,
				B9584FBB2A24CF5000F079D2 /* Main.storyboard in Resources */,
			);
			runOnlyForDeploymentPostprocessing = 0;
		};
		B9584FC72A24CF5100F079D2 /* Resources */ = {
			isa = PBXResourcesBuildPhase;
			buildActionMask = 2147483647;
			files = (
			);
			runOnlyForDeploymentPostprocessing = 0;
		};
		B9584FD12A24CF5100F079D2 /* Resources */ = {
			isa = PBXResourcesBuildPhase;
			buildActionMask = 2147483647;
			files = (
			);
			runOnlyForDeploymentPostprocessing = 0;
		};
/* End PBXResourcesBuildPhase section */

/* Begin PBXSourcesBuildPhase section */
		B9584FAC2A24CF5000F079D2 /* Sources */ = {
			isa = PBXSourcesBuildPhase;
			buildActionMask = 2147483647;
			files = (
				B9584FF12A24E55100F079D2 /* NSManagedObject+Extension.swift in Sources */,
				B9584FBE2A24CF5000F079D2 /* KuroGames.xcdatamodeld in Sources */,
				B9584FB82A24CF5000F079D2 /* HomeViewController.swift in Sources */,
				B958500B2A24F06F00F079D2 /* Tool.swift in Sources */,
				B9584FFE2A24E75700F079D2 /* GameService.swift in Sources */,
				B9584FB42A24CF5000F079D2 /* AppDelegate.swift in Sources */,
				B99665C52A32158900EAB091 /* WishViewController.swift in Sources */,
				B9584FF02A24E55100F079D2 /* CoreDataStack.swift in Sources */,
				B93465CA2A28E1FA00476291 /* ScanViewController.swift in Sources */,
				B9584FFF2A24E75700F079D2 /* Items.swift in Sources */,
				B9584FB62A24CF5000F079D2 /* SceneDelegate.swift in Sources */,
				B9584FFD2A24E75700F079D2 /* Game.swift in Sources */,
				B958500C2A24F06F00F079D2 /* MyLibraryElements.swift in Sources */,
				B99665C32A32157B00EAB091 /* SearchViewController.swift in Sources */,
				B99665C72A32159500EAB091 /* FavoriteViewController.swift in Sources */,
				B9584FFC2A24E75700F079D2 /* GamePlatform.swift in Sources */,
				B9584FFB2A24E75700F079D2 /* ApiErrorManager.swift in Sources */,
				B9584FF22A24E55100F079D2 /* CoreDataManager.swift in Sources */,
				B99665CC2A321D0000EAB091 /* WishlistGame.swift in Sources */,
				B99665CA2A32166400EAB091 /* GameCardViewController.swift in Sources */,
				B95850012A24E7AD00F079D2 /* SecretApiKey.swift in Sources */,
				B9584FEF2A24E55100F079D2 /* KuroGame.swift in Sources */,
			);
			runOnlyForDeploymentPostprocessing = 0;
		};
		B9584FC52A24CF5100F079D2 /* Sources */ = {
			isa = PBXSourcesBuildPhase;
			buildActionMask = 2147483647;
			files = (
				B9584FCE2A24CF5100F079D2 /* KuroGamesTests.swift in Sources */,
			);
			runOnlyForDeploymentPostprocessing = 0;
		};
		B9584FCF2A24CF5100F079D2 /* Sources */ = {
			isa = PBXSourcesBuildPhase;
			buildActionMask = 2147483647;
			files = (
			);
			runOnlyForDeploymentPostprocessing = 0;
		};
/* End PBXSourcesBuildPhase section */

/* Begin PBXTargetDependency section */
		B9584FCB2A24CF5100F079D2 /* PBXTargetDependency */ = {
			isa = PBXTargetDependency;
			target = B9584FAF2A24CF5000F079D2 /* KuroGames */;
			targetProxy = B9584FCA2A24CF5100F079D2 /* PBXContainerItemProxy */;
		};
		B9584FD52A24CF5100F079D2 /* PBXTargetDependency */ = {
			isa = PBXTargetDependency;
			target = B9584FAF2A24CF5000F079D2 /* KuroGames */;
			targetProxy = B9584FD42A24CF5100F079D2 /* PBXContainerItemProxy */;
		};
/* End PBXTargetDependency section */

/* Begin PBXVariantGroup section */
		B9584FB92A24CF5000F079D2 /* Main.storyboard */ = {
			isa = PBXVariantGroup;
			children = (
				B9584FBA2A24CF5000F079D2 /* Base */,
			);
			name = Main.storyboard;
			sourceTree = "<group>";
		};
		B9584FC12A24CF5100F079D2 /* LaunchScreen.storyboard */ = {
			isa = PBXVariantGroup;
			children = (
				B9584FC22A24CF5100F079D2 /* Base */,
			);
			name = LaunchScreen.storyboard;
			sourceTree = "<group>";
		};
/* End PBXVariantGroup section */

/* Begin XCBuildConfiguration section */
		B9584FDB2A24CF5100F079D2 /* Debug */ = {
			isa = XCBuildConfiguration;
			buildSettings = {
				ALWAYS_SEARCH_USER_PATHS = NO;
				CLANG_ANALYZER_NONNULL = YES;
				CLANG_ANALYZER_NUMBER_OBJECT_CONVERSION = YES_AGGRESSIVE;
				CLANG_CXX_LANGUAGE_STANDARD = "gnu++20";
				CLANG_ENABLE_MODULES = YES;
				CLANG_ENABLE_OBJC_ARC = YES;
				CLANG_ENABLE_OBJC_WEAK = YES;
				CLANG_WARN_BLOCK_CAPTURE_AUTORELEASING = YES;
				CLANG_WARN_BOOL_CONVERSION = YES;
				CLANG_WARN_COMMA = YES;
				CLANG_WARN_CONSTANT_CONVERSION = YES;
				CLANG_WARN_DEPRECATED_OBJC_IMPLEMENTATIONS = YES;
				CLANG_WARN_DIRECT_OBJC_ISA_USAGE = YES_ERROR;
				CLANG_WARN_DOCUMENTATION_COMMENTS = YES;
				CLANG_WARN_EMPTY_BODY = YES;
				CLANG_WARN_ENUM_CONVERSION = YES;
				CLANG_WARN_INFINITE_RECURSION = YES;
				CLANG_WARN_INT_CONVERSION = YES;
				CLANG_WARN_NON_LITERAL_NULL_CONVERSION = YES;
				CLANG_WARN_OBJC_IMPLICIT_RETAIN_SELF = YES;
				CLANG_WARN_OBJC_LITERAL_CONVERSION = YES;
				CLANG_WARN_OBJC_ROOT_CLASS = YES_ERROR;
				CLANG_WARN_QUOTED_INCLUDE_IN_FRAMEWORK_HEADER = YES;
				CLANG_WARN_RANGE_LOOP_ANALYSIS = YES;
				CLANG_WARN_STRICT_PROTOTYPES = YES;
				CLANG_WARN_SUSPICIOUS_MOVE = YES;
				CLANG_WARN_UNGUARDED_AVAILABILITY = YES_AGGRESSIVE;
				CLANG_WARN_UNREACHABLE_CODE = YES;
				CLANG_WARN__DUPLICATE_METHOD_MATCH = YES;
				COPY_PHASE_STRIP = NO;
				DEBUG_INFORMATION_FORMAT = dwarf;
				ENABLE_STRICT_OBJC_MSGSEND = YES;
				ENABLE_TESTABILITY = YES;
				GCC_C_LANGUAGE_STANDARD = gnu11;
				GCC_DYNAMIC_NO_PIC = NO;
				GCC_NO_COMMON_BLOCKS = YES;
				GCC_OPTIMIZATION_LEVEL = 0;
				GCC_PREPROCESSOR_DEFINITIONS = (
					"DEBUG=1",
					"$(inherited)",
				);
				GCC_WARN_64_TO_32_BIT_CONVERSION = YES;
				GCC_WARN_ABOUT_RETURN_TYPE = YES_ERROR;
				GCC_WARN_UNDECLARED_SELECTOR = YES;
				GCC_WARN_UNINITIALIZED_AUTOS = YES_AGGRESSIVE;
				GCC_WARN_UNUSED_FUNCTION = YES;
				GCC_WARN_UNUSED_VARIABLE = YES;
				IPHONEOS_DEPLOYMENT_TARGET = 16.4;
				MTL_ENABLE_DEBUG_INFO = INCLUDE_SOURCE;
				MTL_FAST_MATH = YES;
				ONLY_ACTIVE_ARCH = YES;
				SDKROOT = iphoneos;
				SWIFT_ACTIVE_COMPILATION_CONDITIONS = DEBUG;
				SWIFT_OPTIMIZATION_LEVEL = "-Onone";
			};
			name = Debug;
		};
		B9584FDC2A24CF5100F079D2 /* Release */ = {
			isa = XCBuildConfiguration;
			buildSettings = {
				ALWAYS_SEARCH_USER_PATHS = NO;
				CLANG_ANALYZER_NONNULL = YES;
				CLANG_ANALYZER_NUMBER_OBJECT_CONVERSION = YES_AGGRESSIVE;
				CLANG_CXX_LANGUAGE_STANDARD = "gnu++20";
				CLANG_ENABLE_MODULES = YES;
				CLANG_ENABLE_OBJC_ARC = YES;
				CLANG_ENABLE_OBJC_WEAK = YES;
				CLANG_WARN_BLOCK_CAPTURE_AUTORELEASING = YES;
				CLANG_WARN_BOOL_CONVERSION = YES;
				CLANG_WARN_COMMA = YES;
				CLANG_WARN_CONSTANT_CONVERSION = YES;
				CLANG_WARN_DEPRECATED_OBJC_IMPLEMENTATIONS = YES;
				CLANG_WARN_DIRECT_OBJC_ISA_USAGE = YES_ERROR;
				CLANG_WARN_DOCUMENTATION_COMMENTS = YES;
				CLANG_WARN_EMPTY_BODY = YES;
				CLANG_WARN_ENUM_CONVERSION = YES;
				CLANG_WARN_INFINITE_RECURSION = YES;
				CLANG_WARN_INT_CONVERSION = YES;
				CLANG_WARN_NON_LITERAL_NULL_CONVERSION = YES;
				CLANG_WARN_OBJC_IMPLICIT_RETAIN_SELF = YES;
				CLANG_WARN_OBJC_LITERAL_CONVERSION = YES;
				CLANG_WARN_OBJC_ROOT_CLASS = YES_ERROR;
				CLANG_WARN_QUOTED_INCLUDE_IN_FRAMEWORK_HEADER = YES;
				CLANG_WARN_RANGE_LOOP_ANALYSIS = YES;
				CLANG_WARN_STRICT_PROTOTYPES = YES;
				CLANG_WARN_SUSPICIOUS_MOVE = YES;
				CLANG_WARN_UNGUARDED_AVAILABILITY = YES_AGGRESSIVE;
				CLANG_WARN_UNREACHABLE_CODE = YES;
				CLANG_WARN__DUPLICATE_METHOD_MATCH = YES;
				COPY_PHASE_STRIP = NO;
				DEBUG_INFORMATION_FORMAT = "dwarf-with-dsym";
				ENABLE_NS_ASSERTIONS = NO;
				ENABLE_STRICT_OBJC_MSGSEND = YES;
				GCC_C_LANGUAGE_STANDARD = gnu11;
				GCC_NO_COMMON_BLOCKS = YES;
				GCC_WARN_64_TO_32_BIT_CONVERSION = YES;
				GCC_WARN_ABOUT_RETURN_TYPE = YES_ERROR;
				GCC_WARN_UNDECLARED_SELECTOR = YES;
				GCC_WARN_UNINITIALIZED_AUTOS = YES_AGGRESSIVE;
				GCC_WARN_UNUSED_FUNCTION = YES;
				GCC_WARN_UNUSED_VARIABLE = YES;
				IPHONEOS_DEPLOYMENT_TARGET = 16.4;
				MTL_ENABLE_DEBUG_INFO = NO;
				MTL_FAST_MATH = YES;
				SDKROOT = iphoneos;
				SWIFT_COMPILATION_MODE = wholemodule;
				SWIFT_OPTIMIZATION_LEVEL = "-O";
				VALIDATE_PRODUCT = YES;
			};
			name = Release;
		};
		B9584FDE2A24CF5100F079D2 /* Debug */ = {
			isa = XCBuildConfiguration;
			buildSettings = {
				ASSETCATALOG_COMPILER_APPICON_NAME = AppIcon;
				ASSETCATALOG_COMPILER_GLOBAL_ACCENT_COLOR_NAME = AccentColor;
				CODE_SIGN_STYLE = Automatic;
				CURRENT_PROJECT_VERSION = 1;
				DEVELOPMENT_TEAM = BP4DYC4UP8;
				GENERATE_INFOPLIST_FILE = YES;
				INFOPLIST_FILE = KuroGames/Info.plist;
				INFOPLIST_KEY_UIApplicationSupportsIndirectInputEvents = YES;
				INFOPLIST_KEY_UILaunchStoryboardName = LaunchScreen;
				INFOPLIST_KEY_UIMainStoryboardFile = Main;
				INFOPLIST_KEY_UISupportedInterfaceOrientations = UIInterfaceOrientationPortrait;
				INFOPLIST_KEY_UISupportedInterfaceOrientations_iPad = "UIInterfaceOrientationLandscapeLeft UIInterfaceOrientationLandscapeRight UIInterfaceOrientationPortrait UIInterfaceOrientationPortraitUpsideDown";
				IPHONEOS_DEPLOYMENT_TARGET = 14.1;
				LD_RUNPATH_SEARCH_PATHS = (
					"$(inherited)",
					"@executable_path/Frameworks",
				);
				MARKETING_VERSION = 1.0;
				PRODUCT_BUNDLE_IDENTIFIER = com.keltoumBelkadi.KuroGames;
				PRODUCT_NAME = "$(TARGET_NAME)";
				SUPPORTED_PLATFORMS = "iphoneos iphonesimulator";
				SUPPORTS_MACCATALYST = NO;
				SUPPORTS_MAC_DESIGNED_FOR_IPHONE_IPAD = NO;
				SWIFT_EMIT_LOC_STRINGS = YES;
				SWIFT_VERSION = 5.0;
				TARGETED_DEVICE_FAMILY = 1;
			};
			name = Debug;
		};
		B9584FDF2A24CF5100F079D2 /* Release */ = {
			isa = XCBuildConfiguration;
			buildSettings = {
				ASSETCATALOG_COMPILER_APPICON_NAME = AppIcon;
				ASSETCATALOG_COMPILER_GLOBAL_ACCENT_COLOR_NAME = AccentColor;
				CODE_SIGN_STYLE = Automatic;
				CURRENT_PROJECT_VERSION = 1;
				DEVELOPMENT_TEAM = BP4DYC4UP8;
				GENERATE_INFOPLIST_FILE = YES;
				INFOPLIST_FILE = KuroGames/Info.plist;
				INFOPLIST_KEY_UIApplicationSupportsIndirectInputEvents = YES;
				INFOPLIST_KEY_UILaunchStoryboardName = LaunchScreen;
				INFOPLIST_KEY_UIMainStoryboardFile = Main;
				INFOPLIST_KEY_UISupportedInterfaceOrientations = UIInterfaceOrientationPortrait;
				INFOPLIST_KEY_UISupportedInterfaceOrientations_iPad = "UIInterfaceOrientationLandscapeLeft UIInterfaceOrientationLandscapeRight UIInterfaceOrientationPortrait UIInterfaceOrientationPortraitUpsideDown";
				IPHONEOS_DEPLOYMENT_TARGET = 14.1;
				LD_RUNPATH_SEARCH_PATHS = (
					"$(inherited)",
					"@executable_path/Frameworks",
				);
				MARKETING_VERSION = 1.0;
				PRODUCT_BUNDLE_IDENTIFIER = com.keltoumBelkadi.KuroGames;
				PRODUCT_NAME = "$(TARGET_NAME)";
				SUPPORTED_PLATFORMS = "iphoneos iphonesimulator";
				SUPPORTS_MACCATALYST = NO;
				SUPPORTS_MAC_DESIGNED_FOR_IPHONE_IPAD = NO;
				SWIFT_EMIT_LOC_STRINGS = YES;
				SWIFT_VERSION = 5.0;
				TARGETED_DEVICE_FAMILY = 1;
			};
			name = Release;
		};
		B9584FE12A24CF5100F079D2 /* Debug */ = {
			isa = XCBuildConfiguration;
			buildSettings = {
				ALWAYS_EMBED_SWIFT_STANDARD_LIBRARIES = YES;
				BUNDLE_LOADER = "$(TEST_HOST)";
				CODE_SIGN_STYLE = Automatic;
				CURRENT_PROJECT_VERSION = 1;
				DEVELOPMENT_TEAM = BP4DYC4UP8;
				GENERATE_INFOPLIST_FILE = YES;
				IPHONEOS_DEPLOYMENT_TARGET = 16.4;
				MARKETING_VERSION = 1.0;
				PRODUCT_BUNDLE_IDENTIFIER = com.keltoumBelkadi.KuroGamesTests;
				PRODUCT_NAME = "$(TARGET_NAME)";
				SWIFT_EMIT_LOC_STRINGS = NO;
				SWIFT_VERSION = 5.0;
				TARGETED_DEVICE_FAMILY = "1,2";
				TEST_HOST = "$(BUILT_PRODUCTS_DIR)/KuroGames.app/$(BUNDLE_EXECUTABLE_FOLDER_PATH)/KuroGames";
			};
			name = Debug;
		};
		B9584FE22A24CF5100F079D2 /* Release */ = {
			isa = XCBuildConfiguration;
			buildSettings = {
				ALWAYS_EMBED_SWIFT_STANDARD_LIBRARIES = YES;
				BUNDLE_LOADER = "$(TEST_HOST)";
				CODE_SIGN_STYLE = Automatic;
				CURRENT_PROJECT_VERSION = 1;
				DEVELOPMENT_TEAM = BP4DYC4UP8;
				GENERATE_INFOPLIST_FILE = YES;
				IPHONEOS_DEPLOYMENT_TARGET = 16.4;
				MARKETING_VERSION = 1.0;
				PRODUCT_BUNDLE_IDENTIFIER = com.keltoumBelkadi.KuroGamesTests;
				PRODUCT_NAME = "$(TARGET_NAME)";
				SWIFT_EMIT_LOC_STRINGS = NO;
				SWIFT_VERSION = 5.0;
				TARGETED_DEVICE_FAMILY = "1,2";
				TEST_HOST = "$(BUILT_PRODUCTS_DIR)/KuroGames.app/$(BUNDLE_EXECUTABLE_FOLDER_PATH)/KuroGames";
			};
			name = Release;
		};
		B9584FE42A24CF5100F079D2 /* Debug */ = {
			isa = XCBuildConfiguration;
			buildSettings = {
				ALWAYS_EMBED_SWIFT_STANDARD_LIBRARIES = YES;
				CODE_SIGN_STYLE = Automatic;
				CURRENT_PROJECT_VERSION = 1;
				DEVELOPMENT_TEAM = BP4DYC4UP8;
				GENERATE_INFOPLIST_FILE = YES;
				MARKETING_VERSION = 1.0;
				PRODUCT_BUNDLE_IDENTIFIER = com.keltoumBelkadi.KuroGamesUITests;
				PRODUCT_NAME = "$(TARGET_NAME)";
				SWIFT_EMIT_LOC_STRINGS = NO;
				SWIFT_VERSION = 5.0;
				TARGETED_DEVICE_FAMILY = "1,2";
				TEST_TARGET_NAME = KuroGames;
			};
			name = Debug;
		};
		B9584FE52A24CF5100F079D2 /* Release */ = {
			isa = XCBuildConfiguration;
			buildSettings = {
				ALWAYS_EMBED_SWIFT_STANDARD_LIBRARIES = YES;
				CODE_SIGN_STYLE = Automatic;
				CURRENT_PROJECT_VERSION = 1;
				DEVELOPMENT_TEAM = BP4DYC4UP8;
				GENERATE_INFOPLIST_FILE = YES;
				MARKETING_VERSION = 1.0;
				PRODUCT_BUNDLE_IDENTIFIER = com.keltoumBelkadi.KuroGamesUITests;
				PRODUCT_NAME = "$(TARGET_NAME)";
				SWIFT_EMIT_LOC_STRINGS = NO;
				SWIFT_VERSION = 5.0;
				TARGETED_DEVICE_FAMILY = "1,2";
				TEST_TARGET_NAME = KuroGames;
			};
			name = Release;
		};
/* End XCBuildConfiguration section */

/* Begin XCConfigurationList section */
		B9584FAB2A24CF5000F079D2 /* Build configuration list for PBXProject "KuroGames" */ = {
			isa = XCConfigurationList;
			buildConfigurations = (
				B9584FDB2A24CF5100F079D2 /* Debug */,
				B9584FDC2A24CF5100F079D2 /* Release */,
			);
			defaultConfigurationIsVisible = 0;
			defaultConfigurationName = Release;
		};
		B9584FDD2A24CF5100F079D2 /* Build configuration list for PBXNativeTarget "KuroGames" */ = {
			isa = XCConfigurationList;
			buildConfigurations = (
				B9584FDE2A24CF5100F079D2 /* Debug */,
				B9584FDF2A24CF5100F079D2 /* Release */,
			);
			defaultConfigurationIsVisible = 0;
			defaultConfigurationName = Release;
		};
		B9584FE02A24CF5100F079D2 /* Build configuration list for PBXNativeTarget "KuroGamesTests" */ = {
			isa = XCConfigurationList;
			buildConfigurations = (
				B9584FE12A24CF5100F079D2 /* Debug */,
				B9584FE22A24CF5100F079D2 /* Release */,
			);
			defaultConfigurationIsVisible = 0;
			defaultConfigurationName = Release;
		};
		B9584FE32A24CF5100F079D2 /* Build configuration list for PBXNativeTarget "KuroGamesUITests" */ = {
			isa = XCConfigurationList;
			buildConfigurations = (
				B9584FE42A24CF5100F079D2 /* Debug */,
				B9584FE52A24CF5100F079D2 /* Release */,
			);
			defaultConfigurationIsVisible = 0;
			defaultConfigurationName = Release;
		};
/* End XCConfigurationList section */

/* Begin XCVersionGroup section */
		B9584FBC2A24CF5000F079D2 /* KuroGames.xcdatamodeld */ = {
			isa = XCVersionGroup;
			children = (
				B9584FBD2A24CF5000F079D2 /* KuroGames.xcdatamodel */,
			);
			currentVersion = B9584FBD2A24CF5000F079D2 /* KuroGames.xcdatamodel */;
			path = KuroGames.xcdatamodeld;
			sourceTree = "<group>";
			versionGroupType = wrapper.xcdatamodel;
		};
/* End XCVersionGroup section */
	};
	rootObject = B9584FA82A24CF5000F079D2 /* Project object */;
}
